
Microsoft Visual Studio Solution File, Format Version 12.00
# Visual Studio Version 17
VisualStudioVersion = 17.7.34031.279
MinimumVisualStudioVersion = 10.0.40219.1
Project("{9A19103F-16F7-4668-BE54-9A1E7A4F7556}") = "TestApp", "..\..\..\Desktop\TestApp\TestApp.csproj", "{9DE168C6-0C55-4DE7-ACD3-46DA13EC217E}"
EndProject
Project("{9A19103F-16F7-4668-BE54-9A1E7A4F7556}") = "TestApp.Tests", "..\..\..\Desktop\TestApp.Tests\TestApp.Tests.csproj", "{4770DEA7-DB03-4B4D-8AA5-B2B6967BC108}"
EndProject
Global
	GlobalSection(SolutionConfigurationPlatforms) = preSolution
		Debug|Any CPU = Debug|Any CPU
		Release|Any CPU = Release|Any CPU
	EndGlobalSection
	GlobalSection(ProjectConfigurationPlatforms) = postSolution
		{9DE168C6-0C55-4DE7-ACD3-46DA13EC217E}.Debug|Any CPU.ActiveCfg = Debug|Any CPU
		{9DE168C6-0C55-4DE7-ACD3-46DA13EC217E}.Debug|Any CPU.Build.0 = Debug|Any CPU
		{9DE168C6-0C55-4DE7-ACD3-46DA13EC217E}.Release|Any CPU.ActiveCfg = Release|Any CPU
		{9DE168C6-0C55-4DE7-ACD3-46DA13EC217E}.Release|Any CPU.Build.0 = Release|Any CPU
		{4770DEA7-DB03-4B4D-8AA5-B2B6967BC108}.Debug|Any CPU.ActiveCfg = Debug|Any CPU
		{4770DEA7-DB03-4B4D-8AA5-B2B6967BC108}.Debug|Any CPU.Build.0 = Debug|Any CPU
		{4770DEA7-DB03-4B4D-8AA5-B2B6967BC108}.Release|Any CPU.ActiveCfg = Release|Any CPU
		{4770DEA7-DB03-4B4D-8AA5-B2B6967BC108}.Release|Any CPU.Build.0 = Release|Any CPU
	EndGlobalSection
	GlobalSection(SolutionProperties) = preSolution
		HideSolutionNode = FALSE
	EndGlobalSection
	GlobalSection(ExtensibilityGlobals) = postSolution
		SolutionGuid = {C10C3F04-14A7-4669-8624-3859954BE76A}
	EndGlobalSection
EndGlobal
